
Microsoft Visual Studio Solution File, Format Version 12.00
# Visual Studio Version 17
VisualStudioVersion = 17.2.32630.192
MinimumVisualStudioVersion = 10.0.40219.1
Project("{FAE04EC0-301F-11D3-BF4B-00C04F79EFBC}") = "Gestion de Usuarios", "Gestion de Usuarios\Gestion de Usuarios.csproj", "{6F91416D-D06F-4E74-A786-3DF2FD784332}"
EndProject
Global
	GlobalSection(SolutionConfigurationPlatforms) = preSolution
		Debug|Any CPU = Debug|Any CPU
		Release|Any CPU = Release|Any CPU
	EndGlobalSection
	GlobalSection(ProjectConfigurationPlatforms) = postSolution
		{6F91416D-D06F-4E74-A786-3DF2FD784332}.Debug|Any CPU.ActiveCfg = Debug|Any CPU
		{6F91416D-D06F-4E74-A786-3DF2FD784332}.Debug|Any CPU.Build.0 = Debug|Any CPU
		{6F91416D-D06F-4E74-A786-3DF2FD784332}.Release|Any CPU.ActiveCfg = Release|Any CPU
		{6F91416D-D06F-4E74-A786-3DF2FD784332}.Release|Any CPU.Build.0 = Release|Any CPU
	EndGlobalSection
	GlobalSection(SolutionProperties) = preSolution
		HideSolutionNode = FALSE
	EndGlobalSection
	GlobalSection(ExtensibilityGlobals) = postSolution
		SolutionGuid = {0AA27358-5724-4931-805B-C005BE03C35F}
	EndGlobalSection
EndGlobal
