
Microsoft Visual Studio Solution File, Format Version 12.00
# Visual Studio Version 17
VisualStudioVersion = 17.2.32630.192
MinimumVisualStudioVersion = 10.0.40219.1
Project("{FAE04EC0-301F-11D3-BF4B-00C04F79EFBC}") = "CarritoDeCompras", "CarritoDeCompras\CarritoDeCompras.csproj", "{3C2EF6F6-074C-494D-80BD-7C6BD6FAE97B}"
EndProject
Global
	GlobalSection(SolutionConfigurationPlatforms) = preSolution
		Debug|Any CPU = Debug|Any CPU
		Release|Any CPU = Release|Any CPU
	EndGlobalSection
	GlobalSection(ProjectConfigurationPlatforms) = postSolution
		{3C2EF6F6-074C-494D-80BD-7C6BD6FAE97B}.Debug|Any CPU.ActiveCfg = Debug|Any CPU
		{3C2EF6F6-074C-494D-80BD-7C6BD6FAE97B}.Debug|Any CPU.Build.0 = Debug|Any CPU
		{3C2EF6F6-074C-494D-80BD-7C6BD6FAE97B}.Release|Any CPU.ActiveCfg = Release|Any CPU
		{3C2EF6F6-074C-494D-80BD-7C6BD6FAE97B}.Release|Any CPU.Build.0 = Release|Any CPU
	EndGlobalSection
	GlobalSection(SolutionProperties) = preSolution
		HideSolutionNode = FALSE
	EndGlobalSection
	GlobalSection(ExtensibilityGlobals) = postSolution
		SolutionGuid = {D8640F9A-4320-4A5F-9219-BB7F311F4900}
	EndGlobalSection
EndGlobal
