
Microsoft Visual Studio Solution File, Format Version 12.00
# Visual Studio Version 17
VisualStudioVersion = 17.2.32630.192
MinimumVisualStudioVersion = 10.0.40219.1
Project("{FAE04EC0-301F-11D3-BF4B-00C04F79EFBC}") = "numeros primos", "numeros primos\numeros primos.csproj", "{5BFA79E8-D852-48B9-BAC0-64CA50BC0701}"
EndProject
Global
	GlobalSection(SolutionConfigurationPlatforms) = preSolution
		Debug|Any CPU = Debug|Any CPU
		Release|Any CPU = Release|Any CPU
	EndGlobalSection
	GlobalSection(ProjectConfigurationPlatforms) = postSolution
		{5BFA79E8-D852-48B9-BAC0-64CA50BC0701}.Debug|Any CPU.ActiveCfg = Debug|Any CPU
		{5BFA79E8-D852-48B9-BAC0-64CA50BC0701}.Debug|Any CPU.Build.0 = Debug|Any CPU
		{5BFA79E8-D852-48B9-BAC0-64CA50BC0701}.Release|Any CPU.ActiveCfg = Release|Any CPU
		{5BFA79E8-D852-48B9-BAC0-64CA50BC0701}.Release|Any CPU.Build.0 = Release|Any CPU
	EndGlobalSection
	GlobalSection(SolutionProperties) = preSolution
		HideSolutionNode = FALSE
	EndGlobalSection
	GlobalSection(ExtensibilityGlobals) = postSolution
		SolutionGuid = {632A47DB-5EEF-41F1-8EB1-C0A75A16332A}
	EndGlobalSection
EndGlobal
